// !$*UTF8*$!
{
	archiveVersion = 1;
	classes = {
	};
	objectVersion = 50;
	objects = {

/* Begin PBXBuildFile section */
		ACD9843A224C92720099F33E /* AppDelegate.swift in Sources */ = {isa = PBXBuildFile; fileRef = ACD98439224C92720099F33E /* AppDelegate.swift */; };
		ACD9843C224C92720099F33E /* ViewController.swift in Sources */ = {isa = PBXBuildFile; fileRef = ACD9843B224C92720099F33E /* ViewController.swift */; };
		ACD9843F224C92720099F33E /* Main.storyboard in Resources */ = {isa = PBXBuildFile; fileRef = ACD9843D224C92720099F33E /* Main.storyboard */; };
		ACD98441224C927B0099F33E /* Assets.xcassets in Resources */ = {isa = PBXBuildFile; fileRef = ACD98440224C927B0099F33E /* Assets.xcassets */; };
		ACD98444224C927B0099F33E /* LaunchScreen.storyboard in Resources */ = {isa = PBXBuildFile; fileRef = ACD98442224C927B0099F33E /* LaunchScreen.storyboard */; };
		ACD9846C224C95DD0099F33E /* frame5.png in Resources */ = {isa = PBXBuildFile; fileRef = ACD98467224C95DC0099F33E /* frame5.png */; };
		ACD9846D224C95DD0099F33E /* frame4.png in Resources */ = {isa = PBXBuildFile; fileRef = ACD98468224C95DC0099F33E /* frame4.png */; };
		ACD9846E224C95DD0099F33E /* frame3.png in Resources */ = {isa = PBXBuildFile; fileRef = ACD98469224C95DC0099F33E /* frame3.png */; };
		ACD9846F224C95DD0099F33E /* frame1.png in Resources */ = {isa = PBXBuildFile; fileRef = ACD9846A224C95DC0099F33E /* frame1.png */; };
		ACD98470224C95DD0099F33E /* frame2.png in Resources */ = {isa = PBXBuildFile; fileRef = ACD9846B224C95DC0099F33E /* frame2.png */; };
/* End PBXBuildFile section */

/* Begin PBXContainerItemProxy section */
		ACD9844B224C927B0099F33E /* PBXContainerItemProxy */ = {
			isa = PBXContainerItemProxy;
			containerPortal = ACD9842E224C92720099F33E /* Project object */;
			proxyType = 1;
			remoteGlobalIDString = ACD98435224C92720099F33E;
			remoteInfo = TimerImageView02;
		};
		ACD98456224C927B0099F33E /* PBXContainerItemProxy */ = {
			isa = PBXContainerItemProxy;
			containerPortal = ACD9842E224C92720099F33E /* Project object */;
			proxyType = 1;
			remoteGlobalIDString = ACD98435224C92720099F33E;
			remoteInfo = TimerImageView02;
		};
/* End PBXContainerItemProxy section */

/* Begin PBXFileReference section */
		ACD98436224C92720099F33E /* TimerImageView02.app */ = {isa = PBXFileReference; explicitFileType = wrapper.application; includeInIndex = 0; path = TimerImageView02.app; sourceTree = BUILT_PRODUCTS_DIR; };
		ACD98439224C92720099F33E /* AppDelegate.swift */ = {isa = PBXFileReference; lastKnownFileType = sourcecode.swift; path = AppDelegate.swift; sourceTree = "<group>"; };
		ACD9843B224C92720099F33E /* ViewController.swift */ = {isa = PBXFileReference; lastKnownFileType = sourcecode.swift; path = ViewController.swift; sourceTree = "<group>"; };
		ACD9843E224C92720099F33E /* Base */ = {isa = PBXFileReference; lastKnownFileType = file.storyboard; name = Base; path = Base.lproj/Main.storyboard; sourceTree = "<group>"; };
		ACD98440224C927B0099F33E /* Assets.xcassets */ = {isa = PBXFileReference; lastKnownFileType = folder.assetcatalog; path = Assets.xcassets; sourceTree = "<group>"; };
		ACD98443224C927B0099F33E /* Base */ = {isa = PBXFileReference; lastKnownFileType = file.storyboard; name = Base; path = Base.lproj/LaunchScreen.storyboard; sourceTree = "<group>"; };
		ACD98445224C927B0099F33E /* Info.plist */ = {isa = PBXFileReference; lastKnownFileType = text.plist.xml; path = Info.plist; sourceTree = "<group>"; };
		ACD9844A224C927B0099F33E /* TimerImageView02Tests.xctest */ = {isa = PBXFileReference; explicitFileType = wrapper.cfbundle; includeInIndex = 0; path = TimerImageView02Tests.xctest; sourceTree = BUILT_PRODUCTS_DIR; };
		ACD98455224C927B0099F33E /* TimerImageView02UITests.xctest */ = {isa = PBXFileReference; explicitFileType = wrapper.cfbundle; includeInIndex = 0; path = TimerImageView02UITests.xctest; sourceTree = BUILT_PRODUCTS_DIR; };
		ACD98467224C95DC0099F33E /* frame5.png */ = {isa = PBXFileReference; lastKnownFileType = image.png; path = frame5.png; sourceTree = "<group>"; };
		ACD98468224C95DC0099F33E /* frame4.png */ = {isa = PBXFileReference; lastKnownFileType = image.png; path = frame4.png; sourceTree = "<group>"; };
		ACD98469224C95DC0099F33E /* frame3.png */ = {isa = PBXFileReference; lastKnownFileType = image.png; path = frame3.png; sourceTree = "<group>"; };
		ACD9846A224C95DC0099F33E /* frame1.png */ = {isa = PBXFileReference; lastKnownFileType = image.png; path = frame1.png; sourceTree = "<group>"; };
		ACD9846B224C95DC0099F33E /* frame2.png */ = {isa = PBXFileReference; lastKnownFileType = image.png; path = frame2.png; sourceTree = "<group>"; };
/* End PBXFileReference section */

/* Begin PBXFrameworksBuildPhase section */
		ACD98433224C92720099F33E /* Frameworks */ = {
			isa = PBXFrameworksBuildPhase;
			buildActionMask = 2147483647;
			files = (
			);
			runOnlyForDeploymentPostprocessing = 0;
		};
		ACD98447224C927B0099F33E /* Frameworks */ = {
			isa = PBXFrameworksBuildPhase;
			buildActionMask = 2147483647;
			files = (
			);
			runOnlyForDeploymentPostprocessing = 0;
		};
		ACD98452224C927B0099F33E /* Frameworks */ = {
			isa = PBXFrameworksBuildPhase;
			buildActionMask = 2147483647;
			files = (
			);
			runOnlyForDeploymentPostprocessing = 0;
		};
/* End PBXFrameworksBuildPhase section */

/* Begin PBXGroup section */
		ACD9842D224C92720099F33E = {
			isa = PBXGroup;
			children = (
				ACD98438224C92720099F33E /* TimerImageView02 */,
				ACD98437224C92720099F33E /* Products */,
			);
			sourceTree = "<group>";
		};
		ACD98437224C92720099F33E /* Products */ = {
			isa = PBXGroup;
			children = (
				ACD98436224C92720099F33E /* TimerImageView02.app */,
				ACD9844A224C927B0099F33E /* TimerImageView02Tests.xctest */,
				ACD98455224C927B0099F33E /* TimerImageView02UITests.xctest */,
			);
			name = Products;
			sourceTree = "<group>";
		};
		ACD98438224C92720099F33E /* TimerImageView02 */ = {
			isa = PBXGroup;
			children = (
				ACD9846A224C95DC0099F33E /* frame1.png */,
				ACD9846B224C95DC0099F33E /* frame2.png */,
				ACD98469224C95DC0099F33E /* frame3.png */,
				ACD98468224C95DC0099F33E /* frame4.png */,
				ACD98467224C95DC0099F33E /* frame5.png */,
				ACD98439224C92720099F33E /* AppDelegate.swift */,
				ACD9843B224C92720099F33E /* ViewController.swift */,
				ACD9843D224C92720099F33E /* Main.storyboard */,
				ACD98440224C927B0099F33E /* Assets.xcassets */,
				ACD98442224C927B0099F33E /* LaunchScreen.storyboard */,
				ACD98445224C927B0099F33E /* Info.plist */,
			);
			path = TimerImageView02;
			sourceTree = "<group>";
		};
/* End PBXGroup section */

/* Begin PBXNativeTarget section */
		ACD98435224C92720099F33E /* TimerImageView02 */ = {
			isa = PBXNativeTarget;
			buildConfigurationList = ACD9845E224C927B0099F33E /* Build configuration list for PBXNativeTarget "TimerImageView02" */;
			buildPhases = (
				ACD98432224C92720099F33E /* Sources */,
				ACD98433224C92720099F33E /* Frameworks */,
				ACD98434224C92720099F33E /* Resources */,
			);
			buildRules = (
			);
			dependencies = (
			);
			name = TimerImageView02;
			productName = TimerImageView02;
			productReference = ACD98436224C92720099F33E /* TimerImageView02.app */;
			productType = "com.apple.product-type.application";
		};
		ACD98449224C927B0099F33E /* TimerImageView02Tests */ = {
			isa = PBXNativeTarget;
			buildConfigurationList = ACD98461224C927B0099F33E /* Build configuration list for PBXNativeTarget "TimerImageView02Tests" */;
			buildPhases = (
				ACD98446224C927B0099F33E /* Sources */,
				ACD98447224C927B0099F33E /* Frameworks */,
				ACD98448224C927B0099F33E /* Resources */,
			);
			buildRules = (
			);
			dependencies = (
				ACD9844C224C927B0099F33E /* PBXTargetDependency */,
			);
			name = TimerImageView02Tests;
			productName = TimerImageView02Tests;
			productReference = ACD9844A224C927B0099F33E /* TimerImageView02Tests.xctest */;
			productType = "com.apple.product-type.bundle.unit-test";
		};
		ACD98454224C927B0099F33E /* TimerImageView02UITests */ = {
			isa = PBXNativeTarget;
			buildConfigurationList = ACD98464224C927B0099F33E /* Build configuration list for PBXNativeTarget "TimerImageView02UITests" */;
			buildPhases = (
				ACD98451224C927B0099F33E /* Sources */,
				ACD98452224C927B0099F33E /* Frameworks */,
				ACD98453224C927B0099F33E /* Resources */,
			);
			buildRules = (
			);
			dependencies = (
				ACD98457224C927B0099F33E /* PBXTargetDependency */,
			);
			name = TimerImageView02UITests;
			productName = TimerImageView02UITests;
			productReference = ACD98455224C927B0099F33E /* TimerImageView02UITests.xctest */;
			productType = "com.apple.product-type.bundle.ui-testing";
		};
/* End PBXNativeTarget section */

/* Begin PBXProject section */
		ACD9842E224C92720099F33E /* Project object */ = {
			isa = PBXProject;
			attributes = {
				LastSwiftUpdateCheck = 1010;
				LastUpgradeCheck = 1010;
				ORGANIZATIONNAME = "방문 사용자";
				TargetAttributes = {
					ACD98435224C92720099F33E = {
						CreatedOnToolsVersion = 10.1;
					};
					ACD98449224C927B0099F33E = {
						CreatedOnToolsVersion = 10.1;
						TestTargetID = ACD98435224C92720099F33E;
					};
					ACD98454224C927B0099F33E = {
						CreatedOnToolsVersion = 10.1;
						TestTargetID = ACD98435224C92720099F33E;
					};
				};
			};
			buildConfigurationList = ACD98431224C92720099F33E /* Build configuration list for PBXProject "TimerImageView02" */;
			compatibilityVersion = "Xcode 9.3";
			developmentRegion = en;
			hasScannedForEncodings = 0;
			knownRegions = (
				en,
				Base,
			);
			mainGroup = ACD9842D224C92720099F33E;
			productRefGroup = ACD98437224C92720099F33E /* Products */;
			projectDirPath = "";
			projectRoot = "";
			targets = (
				ACD98435224C92720099F33E /* TimerImageView02 */,
				ACD98449224C927B0099F33E /* TimerImageView02Tests */,
				ACD98454224C927B0099F33E /* TimerImageView02UITests */,
			);
		};
/* End PBXProject section */

/* Begin PBXResourcesBuildPhase section */
		ACD98434224C92720099F33E /* Resources */ = {
			isa = PBXResourcesBuildPhase;
			buildActionMask = 2147483647;
			files = (
				ACD9846D224C95DD0099F33E /* frame4.png in Resources */,
				ACD9846E224C95DD0099F33E /* frame3.png in Resources */,
				ACD98470224C95DD0099F33E /* frame2.png in Resources */,
				ACD98444224C927B0099F33E /* LaunchScreen.storyboard in Resources */,
				ACD9846C224C95DD0099F33E /* frame5.png in Resources */,
				ACD98441224C927B0099F33E /* Assets.xcassets in Resources */,
				ACD9846F224C95DD0099F33E /* frame1.png in Resources */,
				ACD9843F224C92720099F33E /* Main.storyboard in Resources */,
			);
			runOnlyForDeploymentPostprocessing = 0;
		};
		ACD98448224C927B0099F33E /* Resources */ = {
			isa = PBXResourcesBuildPhase;
			buildActionMask = 2147483647;
			files = (
			);
			runOnlyForDeploymentPostprocessing = 0;
		};
		ACD98453224C927B0099F33E /* Resources */ = {
			isa = PBXResourcesBuildPhase;
			buildActionMask = 2147483647;
			files = (
			);
			runOnlyForDeploymentPostprocessing = 0;
		};
/* End PBXResourcesBuildPhase section */

/* Begin PBXSourcesBuildPhase section */
		ACD98432224C92720099F33E /* Sources */ = {
			isa = PBXSourcesBuildPhase;
			buildActionMask = 2147483647;
			files = (
				ACD9843C224C92720099F33E /* ViewController.swift in Sources */,
				ACD9843A224C92720099F33E /* AppDelegate.swift in Sources */,
			);
			runOnlyForDeploymentPostprocessing = 0;
		};
		ACD98446224C927B0099F33E /* Sources */ = {
			isa = PBXSourcesBuildPhase;
			buildActionMask = 2147483647;
			files = (
			);
			runOnlyForDeploymentPostprocessing = 0;
		};
		ACD98451224C927B0099F33E /* Sources */ = {
			isa = PBXSourcesBuildPhase;
			buildActionMask = 2147483647;
			files = (
			);
			runOnlyForDeploymentPostprocessing = 0;
		};
/* End PBXSourcesBuildPhase section */

/* Begin PBXTargetDependency section */
		ACD9844C224C927B0099F33E /* PBXTargetDependency */ = {
			isa = PBXTargetDependency;
			target = ACD98435224C92720099F33E /* TimerImageView02 */;
			targetProxy = ACD9844B224C927B0099F33E /* PBXContainerItemProxy */;
		};
		ACD98457224C927B0099F33E /* PBXTargetDependency */ = {
			isa = PBXTargetDependency;
			target = ACD98435224C92720099F33E /* TimerImageView02 */;
			targetProxy = ACD98456224C927B0099F33E /* PBXContainerItemProxy */;
		};
/* End PBXTargetDependency section */

/* Begin PBXVariantGroup section */
		ACD9843D224C92720099F33E /* Main.storyboard */ = {
			isa = PBXVariantGroup;
			children = (
				ACD9843E224C92720099F33E /* Base */,
			);
			name = Main.storyboard;
			sourceTree = "<group>";
		};
		ACD98442224C927B0099F33E /* LaunchScreen.storyboard */ = {
			isa = PBXVariantGroup;
			children = (
				ACD98443224C927B0099F33E /* Base */,
			);
			name = LaunchScreen.storyboard;
			sourceTree = "<group>";
		};
/* End PBXVariantGroup section */

/* Begin XCBuildConfiguration section */
		ACD9845C224C927B0099F33E /* Debug */ = {
			isa = XCBuildConfiguration;
			buildSettings = {
				ALWAYS_SEARCH_USER_PATHS = NO;
				CLANG_ANALYZER_NONNULL = YES;
				CLANG_ANALYZER_NUMBER_OBJECT_CONVERSION = YES_AGGRESSIVE;
				CLANG_CXX_LANGUAGE_STANDARD = "gnu++14";
				CLANG_CXX_LIBRARY = "libc++";
				CLANG_ENABLE_MODULES = YES;
				CLANG_ENABLE_OBJC_ARC = YES;
				CLANG_ENABLE_OBJC_WEAK = YES;
				CLANG_WARN_BLOCK_CAPTURE_AUTORELEASING = YES;
				CLANG_WARN_BOOL_CONVERSION = YES;
				CLANG_WARN_COMMA = YES;
				CLANG_WARN_CONSTANT_CONVERSION = YES;
				CLANG_WARN_DEPRECATED_OBJC_IMPLEMENTATIONS = YES;
				CLANG_WARN_DIRECT_OBJC_ISA_USAGE = YES_ERROR;
				CLANG_WARN_DOCUMENTATION_COMMENTS = YES;
				CLANG_WARN_EMPTY_BODY = YES;
				CLANG_WARN_ENUM_CONVERSION = YES;
				CLANG_WARN_INFINITE_RECURSION = YES;
				CLANG_WARN_INT_CONVERSION = YES;
				CLANG_WARN_NON_LITERAL_NULL_CONVERSION = YES;
				CLANG_WARN_OBJC_IMPLICIT_RETAIN_SELF = YES;
				CLANG_WARN_OBJC_LITERAL_CONVERSION = YES;
				CLANG_WARN_OBJC_ROOT_CLASS = YES_ERROR;
				CLANG_WARN_RANGE_LOOP_ANALYSIS = YES;
				CLANG_WARN_STRICT_PROTOTYPES = YES;
				CLANG_WARN_SUSPICIOUS_MOVE = YES;
				CLANG_WARN_UNGUARDED_AVAILABILITY = YES_AGGRESSIVE;
				CLANG_WARN_UNREACHABLE_CODE = YES;
				CLANG_WARN__DUPLICATE_METHOD_MATCH = YES;
				CODE_SIGN_IDENTITY = "iPhone Developer";
				COPY_PHASE_STRIP = NO;
				DEBUG_INFORMATION_FORMAT = dwarf;
				ENABLE_STRICT_OBJC_MSGSEND = YES;
				ENABLE_TESTABILITY = YES;
				GCC_C_LANGUAGE_STANDARD = gnu11;
				GCC_DYNAMIC_NO_PIC = NO;
				GCC_NO_COMMON_BLOCKS = YES;
				GCC_OPTIMIZATION_LEVEL = 0;
				GCC_PREPROCESSOR_DEFINITIONS = (
					"DEBUG=1",
					"$(inherited)",
				);
				GCC_WARN_64_TO_32_BIT_CONVERSION = YES;
				GCC_WARN_ABOUT_RETURN_TYPE = YES_ERROR;
				GCC_WARN_UNDECLARED_SELECTOR = YES;
				GCC_WARN_UNINITIALIZED_AUTOS = YES_AGGRESSIVE;
				GCC_WARN_UNUSED_FUNCTION = YES;
				GCC_WARN_UNUSED_VARIABLE = YES;
				IPHONEOS_DEPLOYMENT_TARGET = 12.1;
				MTL_ENABLE_DEBUG_INFO = INCLUDE_SOURCE;
				MTL_FAST_MATH = YES;
				ONLY_ACTIVE_ARCH = YES;
				SDKROOT = iphoneos;
				SWIFT_ACTIVE_COMPILATION_CONDITIONS = DEBUG;
				SWIFT_OPTIMIZATION_LEVEL = "-Onone";
			};
			name = Debug;
		};
		ACD9845D224C927B0099F33E /* Release */ = {
			isa = XCBuildConfiguration;
			buildSettings = {
				ALWAYS_SEARCH_USER_PATHS = NO;
				CLANG_ANALYZER_NONNULL = YES;
				CLANG_ANALYZER_NUMBER_OBJECT_CONVERSION = YES_AGGRESSIVE;
				CLANG_CXX_LANGUAGE_STANDARD = "gnu++14";
				CLANG_CXX_LIBRARY = "libc++";
				CLANG_ENABLE_MODULES = YES;
				CLANG_ENABLE_OBJC_ARC = YES;
				CLANG_ENABLE_OBJC_WEAK = YES;
				CLANG_WARN_BLOCK_CAPTURE_AUTORELEASING = YES;
				CLANG_WARN_BOOL_CONVERSION = YES;
				CLANG_WARN_COMMA = YES;
				CLANG_WARN_CONSTANT_CONVERSION = YES;
				CLANG_WARN_DEPRECATED_OBJC_IMPLEMENTATIONS = YES;
				CLANG_WARN_DIRECT_OBJC_ISA_USAGE = YES_ERROR;
				CLANG_WARN_DOCUMENTATION_COMMENTS = YES;
				CLANG_WARN_EMPTY_BODY = YES;
				CLANG_WARN_ENUM_CONVERSION = YES;
				CLANG_WARN_INFINITE_RECURSION = YES;
				CLANG_WARN_INT_CONVERSION = YES;
				CLANG_WARN_NON_LITERAL_NULL_CONVERSION = YES;
				CLANG_WARN_OBJC_IMPLICIT_RETAIN_SELF = YES;
				CLANG_WARN_OBJC_LITERAL_CONVERSION = YES;
				CLANG_WARN_OBJC_ROOT_CLASS = YES_ERROR;
				CLANG_WARN_RANGE_LOOP_ANALYSIS = YES;
				CLANG_WARN_STRICT_PROTOTYPES = YES;
				CLANG_WARN_SUSPICIOUS_MOVE = YES;
				CLANG_WARN_UNGUARDED_AVAILABILITY = YES_AGGRESSIVE;
				CLANG_WARN_UNREACHABLE_CODE = YES;
				CLANG_WARN__DUPLICATE_METHOD_MATCH = YES;
				CODE_SIGN_IDENTITY = "iPhone Developer";
				COPY_PHASE_STRIP = NO;
				DEBUG_INFORMATION_FORMAT = "dwarf-with-dsym";
				ENABLE_NS_ASSERTIONS = NO;
				ENABLE_STRICT_OBJC_MSGSEND = YES;
				GCC_C_LANGUAGE_STANDARD = gnu11;
				GCC_NO_COMMON_BLOCKS = YES;
				GCC_WARN_64_TO_32_BIT_CONVERSION = YES;
				GCC_WARN_ABOUT_RETURN_TYPE = YES_ERROR;
				GCC_WARN_UNDECLARED_SELECTOR = YES;
				GCC_WARN_UNINITIALIZED_AUTOS = YES_AGGRESSIVE;
				GCC_WARN_UNUSED_FUNCTION = YES;
				GCC_WARN_UNUSED_VARIABLE = YES;
				IPHONEOS_DEPLOYMENT_TARGET = 12.1;
				MTL_ENABLE_DEBUG_INFO = NO;
				MTL_FAST_MATH = YES;
				SDKROOT = iphoneos;
				SWIFT_COMPILATION_MODE = wholemodule;
				SWIFT_OPTIMIZATION_LEVEL = "-O";
				VALIDATE_PRODUCT = YES;
			};
			name = Release;
		};
		ACD9845F224C927B0099F33E /* Debug */ = {
			isa = XCBuildConfiguration;
			buildSettings = {
				ASSETCATALOG_COMPILER_APPICON_NAME = AppIcon;
				CODE_SIGN_STYLE = Automatic;
				INFOPLIST_FILE = TimerImageView02/Info.plist;
				LD_RUNPATH_SEARCH_PATHS = (
					"$(inherited)",
					"@executable_path/Frameworks",
				);
				PRODUCT_BUNDLE_IDENTIFIER = com.yourcompany.TimerImageView02;
				PRODUCT_NAME = "$(TARGET_NAME)";
				SWIFT_VERSION = 4.2;
				TARGETED_DEVICE_FAMILY = "1,2";
			};
			name = Debug;
		};
		ACD98460224C927B0099F33E /* Release */ = {
			isa = XCBuildConfiguration;
			buildSettings = {
				ASSETCATALOG_COMPILER_APPICON_NAME = AppIcon;
				CODE_SIGN_STYLE = Automatic;
				INFOPLIST_FILE = TimerImageView02/Info.plist;
				LD_RUNPATH_SEARCH_PATHS = (
					"$(inherited)",
					"@executable_path/Frameworks",
				);
				PRODUCT_BUNDLE_IDENTIFIER = com.yourcompany.TimerImageView02;
				PRODUCT_NAME = "$(TARGET_NAME)";
				SWIFT_VERSION = 4.2;
				TARGETED_DEVICE_FAMILY = "1,2";
			};
			name = Release;
		};
		ACD98462224C927B0099F33E /* Debug */ = {
			isa = XCBuildConfiguration;
			buildSettings = {
				ALWAYS_EMBED_SWIFT_STANDARD_LIBRARIES = YES;
				BUNDLE_LOADER = "$(TEST_HOST)";
				CODE_SIGN_STYLE = Automatic;
				INFOPLIST_FILE = TimerImageView02Tests/Info.plist;
				LD_RUNPATH_SEARCH_PATHS = (
					"$(inherited)",
					"@executable_path/Frameworks",
					"@loader_path/Frameworks",
				);
				PRODUCT_BUNDLE_IDENTIFIER = com.yourcompany.TimerImageView02Tests;
				PRODUCT_NAME = "$(TARGET_NAME)";
				SWIFT_VERSION = 4.2;
				TARGETED_DEVICE_FAMILY = "1,2";
				TEST_HOST = "$(BUILT_PRODUCTS_DIR)/TimerImageView02.app/TimerImageView02";
			};
			name = Debug;
		};
		ACD98463224C927B0099F33E /* Release */ = {
			isa = XCBuildConfiguration;
			buildSettings = {
				ALWAYS_EMBED_SWIFT_STANDARD_LIBRARIES = YES;
				BUNDLE_LOADER = "$(TEST_HOST)";
				CODE_SIGN_STYLE = Automatic;
				INFOPLIST_FILE = TimerImageView02Tests/Info.plist;
				LD_RUNPATH_SEARCH_PATHS = (
					"$(inherited)",
					"@executable_path/Frameworks",
					"@loader_path/Frameworks",
				);
				PRODUCT_BUNDLE_IDENTIFIER = com.yourcompany.TimerImageView02Tests;
				PRODUCT_NAME = "$(TARGET_NAME)";
				SWIFT_VERSION = 4.2;
				TARGETED_DEVICE_FAMILY = "1,2";
				TEST_HOST = "$(BUILT_PRODUCTS_DIR)/TimerImageView02.app/TimerImageView02";
			};
			name = Release;
		};
		ACD98465224C927B0099F33E /* Debug */ = {
			isa = XCBuildConfiguration;
			buildSettings = {
				ALWAYS_EMBED_SWIFT_STANDARD_LIBRARIES = YES;
				CODE_SIGN_STYLE = Automatic;
				INFOPLIST_FILE = TimerImageView02UITests/Info.plist;
				LD_RUNPATH_SEARCH_PATHS = (
					"$(inherited)",
					"@executable_path/Frameworks",
					"@loader_path/Frameworks",
				);
				PRODUCT_BUNDLE_IDENTIFIER = com.yourcompany.TimerImageView02UITests;
				PRODUCT_NAME = "$(TARGET_NAME)";
				SWIFT_VERSION = 4.2;
				TARGETED_DEVICE_FAMILY = "1,2";
				TEST_TARGET_NAME = TimerImageView02;
			};
			name = Debug;
		};
		ACD98466224C927B0099F33E /* Release */ = {
			isa = XCBuildConfiguration;
			buildSettings = {
				ALWAYS_EMBED_SWIFT_STANDARD_LIBRARIES = YES;
				CODE_SIGN_STYLE = Automatic;
				INFOPLIST_FILE = TimerImageView02UITests/Info.plist;
				LD_RUNPATH_SEARCH_PATHS = (
					"$(inherited)",
					"@executable_path/Frameworks",
					"@loader_path/Frameworks",
				);
				PRODUCT_BUNDLE_IDENTIFIER = com.yourcompany.TimerImageView02UITests;
				PRODUCT_NAME = "$(TARGET_NAME)";
				SWIFT_VERSION = 4.2;
				TARGETED_DEVICE_FAMILY = "1,2";
				TEST_TARGET_NAME = TimerImageView02;
			};
			name = Release;
		};
/* End XCBuildConfiguration section */

/* Begin XCConfigurationList section */
		ACD98431224C92720099F33E /* Build configuration list for PBXProject "TimerImageView02" */ = {
			isa = XCConfigurationList;
			buildConfigurations = (
				ACD9845C224C927B0099F33E /* Debug */,
				ACD9845D224C927B0099F33E /* Release */,
			);
			defaultConfigurationIsVisible = 0;
			defaultConfigurationName = Release;
		};
		ACD9845E224C927B0099F33E /* Build configuration list for PBXNativeTarget "TimerImageView02" */ = {
			isa = XCConfigurationList;
			buildConfigurations = (
				ACD9845F224C927B0099F33E /* Debug */,
				ACD98460224C927B0099F33E /* Release */,
			);
			defaultConfigurationIsVisible = 0;
			defaultConfigurationName = Release;
		};
		ACD98461224C927B0099F33E /* Build configuration list for PBXNativeTarget "TimerImageView02Tests" */ = {
			isa = XCConfigurationList;
			buildConfigurations = (
				ACD98462224C927B0099F33E /* Debug */,
				ACD98463224C927B0099F33E /* Release */,
			);
			defaultConfigurationIsVisible = 0;
			defaultConfigurationName = Release;
		};
		ACD98464224C927B0099F33E /* Build configuration list for PBXNativeTarget "TimerImageView02UITests" */ = {
			isa = XCConfigurationList;
			buildConfigurations = (
				ACD98465224C927B0099F33E /* Debug */,
				ACD98466224C927B0099F33E /* Release */,
			);
			defaultConfigurationIsVisible = 0;
			defaultConfigurationName = Release;
		};
/* End XCConfigurationList section */
	};
	rootObject = ACD9842E224C92720099F33E /* Project object */;
}
